{
    "_meta": {
        "hash": {
            "sha256": "779051c5e8bbac360beb520e321fd91004e9c8b681451a44091ae00a7b7f0ac3"
        },
        "pipfile-spec": 6,
        "requires": {
            "python_version": "3.7"
        },
        "sources": [
            {
                "name": "pypi",
                "url": "https://pypi.org/simple",
                "verify_ssl": true
            }
        ]
    },
    "default": {
        "altgraph": {
            "hashes": [
                "sha256:d6814989f242b2b43025cba7161fc1b8fb487a62cd49c49245d6fd01c18ac997",
                "sha256:ddf5320017147ba7b810198e0b6619bd7b5563aa034da388cea8546b877f9b0c"
            ],
            "index": "pypi",
            "version": "==0.16.1"
        },
        "asn1crypto": {
            "hashes": [
                "sha256:2f1adbb7546ed199e3c90ef23ec95c5cf3585bac7d11fb7eb562a3fe89c64e87",
                "sha256:9d5c20441baf0cb60a4ac34cc447c6c189024b6b4c6cd7877034f4965c464e49"
            ],
            "index": "pypi",
            "version": "==0.24.0"
        },
        "bcrypt": {
            "hashes": [
                "sha256:0258f143f3de96b7c14f762c770f5fc56ccd72f8a1857a451c1cd9a655d9ac89",
                "sha256:0b0069c752ec14172c5f78208f1863d7ad6755a6fae6fe76ec2c80d13be41e42",
                "sha256:19a4b72a6ae5bb467fea018b825f0a7d917789bcfe893e53f15c92805d187294",
                "sha256:5432dd7b34107ae8ed6c10a71b4397f1c853bd39a4d6ffa7e35f40584cffd161",
                "sha256:6305557019906466fc42dbc53b46da004e72fd7a551c044a827e572c82191752",
                "sha256:69361315039878c0680be456640f8705d76cb4a3a3fe1e057e0f261b74be4b31",
                "sha256:6fe49a60b25b584e2f4ef175b29d3a83ba63b3a4df1b4c0605b826668d1b6be5",
                "sha256:74a015102e877d0ccd02cdeaa18b32aa7273746914a6c5d0456dd442cb65b99c",
                "sha256:763669a367869786bb4c8fcf731f4175775a5b43f070f50f46f0b59da45375d0",
                "sha256:8b10acde4e1919d6015e1df86d4c217d3b5b01bb7744c36113ea43d529e1c3de",
                "sha256:9fe92406c857409b70a38729dbdf6578caf9228de0aef5bc44f859ffe971a39e",
                "sha256:a190f2a5dbbdbff4b74e3103cef44344bc30e61255beb27310e2aec407766052",
                "sha256:a595c12c618119255c90deb4b046e1ca3bcfad64667c43d1166f2b04bc72db09",
                "sha256:c9457fa5c121e94a58d6505cadca8bed1c64444b83b3204928a866ca2e599105",
                "sha256:cb93f6b2ab0f6853550b74e051d297c27a638719753eb9ff66d1e4072be67133",
                "sha256:ce4e4f0deb51d38b1611a27f330426154f2980e66582dc5f438aad38b5f24fc1",
                "sha256:d7bdc26475679dd073ba0ed2766445bb5b20ca4793ca0db32b399dccc6bc84b7",
                "sha256:ff032765bb8716d9387fd5376d987a937254b0619eff0972779515b5c98820bc"
            ],
            "version": "==3.1.7"
        },
        "certifi": {
            "hashes": [
                "sha256:339dc09518b07e2fa7eda5450740925974815557727d6bd35d319c1524a04a4c",
                "sha256:6d58c986d22b038c8c0df30d639f23a3e6d172a05c3583e766f4c0b785c0986a"
            ],
            "index": "pypi",
            "version": "==2018.10.15"
        },
        "cffi": {
            "hashes": [
                "sha256:151b7eefd035c56b2b2e1eb9963c90c6302dc15fbd8c1c0a83a163ff2c7d7743",
                "sha256:1553d1e99f035ace1c0544050622b7bc963374a00c467edafac50ad7bd276aef",
                "sha256:1b0493c091a1898f1136e3f4f991a784437fac3673780ff9de3bcf46c80b6b50",
                "sha256:2ba8a45822b7aee805ab49abfe7eec16b90587f7f26df20c71dd89e45a97076f",
                "sha256:3bb6bd7266598f318063e584378b8e27c67de998a43362e8fce664c54ee52d30",
                "sha256:3c85641778460581c42924384f5e68076d724ceac0f267d66c757f7535069c93",
                "sha256:3eb6434197633b7748cea30bf0ba9f66727cdce45117a712b29a443943733257",
                "sha256:495c5c2d43bf6cebe0178eb3e88f9c4aa48d8934aa6e3cddb865c058da76756b",
                "sha256:4c91af6e967c2015729d3e69c2e51d92f9898c330d6a851bf8f121236f3defd3",
                "sha256:57b2533356cb2d8fac1555815929f7f5f14d68ac77b085d2326b571310f34f6e",
                "sha256:770f3782b31f50b68627e22f91cb182c48c47c02eb405fd689472aa7b7aa16dc",
                "sha256:79f9b6f7c46ae1f8ded75f68cf8ad50e5729ed4d590c74840471fc2823457d04",
                "sha256:7a33145e04d44ce95bcd71e522b478d282ad0eafaf34fe1ec5bbd73e662f22b6",
                "sha256:857959354ae3a6fa3da6651b966d13b0a8bed6bbc87a0de7b38a549db1d2a359",
                "sha256:87f37fe5130574ff76c17cab61e7d2538a16f843bb7bca8ebbc4b12de3078596",
                "sha256:95d5251e4b5ca00061f9d9f3d6fe537247e145a8524ae9fd30a2f8fbce993b5b",
                "sha256:9d1d3e63a4afdc29bd76ce6aa9d58c771cd1599fbba8cf5057e7860b203710dd",
                "sha256:a36c5c154f9d42ec176e6e620cb0dd275744aa1d804786a71ac37dc3661a5e95",
                "sha256:a6a5cb8809091ec9ac03edde9304b3ad82ad4466333432b16d78ef40e0cce0d5",
                "sha256:ae5e35a2c189d397b91034642cb0eab0e346f776ec2eb44a49a459e6615d6e2e",
                "sha256:b0f7d4a3df8f06cf49f9f121bead236e328074de6449866515cea4907bbc63d6",
                "sha256:b75110fb114fa366b29a027d0c9be3709579602ae111ff61674d28c93606acca",
                "sha256:ba5e697569f84b13640c9e193170e89c13c6244c24400fc57e88724ef610cd31",
                "sha256:be2a9b390f77fd7676d80bc3cdc4f8edb940d8c198ed2d8c0be1319018c778e1",
                "sha256:ca1bd81f40adc59011f58159e4aa6445fc585a32bb8ac9badf7a2c1aa23822f2",
                "sha256:d5d8555d9bfc3f02385c1c37e9f998e2011f0db4f90e250e5bc0c0a85a813085",
                "sha256:e55e22ac0a30023426564b1059b035973ec82186ddddbac867078435801c7801",
                "sha256:e90f17980e6ab0f3c2f3730e56d1fe9bcba1891eeea58966e89d352492cc74f4",
                "sha256:ecbb7b01409e9b782df5ded849c178a0aa7c906cf8c5a67368047daab282b184",
                "sha256:ed01918d545a38998bfa5902c7c00e0fee90e957ce036a4000a88e3fe2264917",
                "sha256:edabd457cd23a02965166026fd9bfd196f4324fe6032e866d0f3bd0301cd486f",
                "sha256:fdf1c1dc5bafc32bc5d08b054f94d659422b05aba244d6be4ddc1c72d9aa70fb"
            ],
            "index": "pypi",
            "version": "==1.11.5"
        },
        "chardet": {
            "hashes": [
                "sha256:84ab92ed1c4d4f16916e05906b6b75a6c0fb5db821cc65e70cbd64a3e2a5eaae",
                "sha256:fc323ffcaeaed0e0a02bf4d117757b98aed530d9ed4531e3e15460124c106691"
            ],
            "index": "pypi",
            "version": "==3.0.4"
        },
        "click": {
            "hashes": [
                "sha256:2335065e6395b9e67ca716de5f7526736bfa6ceead690adf616d925bdc622b13",
                "sha256:5b94b49521f6456670fdb30cd82a4eca9412788a93fa6dd6df72c94d5a8ff2d7"
            ],
            "index": "pypi",
            "version": "==7.0"
        },
        "cryptography": {
            "hashes": [
                "sha256:05a6052c6a9f17ff78ba78f8e6eb1d777d25db3b763343a1ae89a7a8670386dd",
                "sha256:0eb83a24c650a36f68e31a6d0a70f7ad9c358fa2506dc7b683398b92e354a038",
                "sha256:0ff4a3d6ea86aa0c9e06e92a9f986de7ee8231f36c4da1b31c61a7e692ef3378",
                "sha256:1699f3e916981df32afdd014fb3164db28cdb61c757029f502cb0a8c29b2fdb3",
                "sha256:1b1f136d74f411f587b07c076149c4436a169dc19532e587460d9ced24adcc13",
                "sha256:21e63dd20f5e5455e8b34179ac43d95b3fb1ffa54d071fd2ed5d67da82cfe6dc",
                "sha256:2454ada8209bbde97065453a6ca488884bbb263e623d35ba183821317a58b46f",
                "sha256:3cdc5f7ca057b2214ce4569e01b0f368b3de9d8ee01887557755ccd1c15d9427",
                "sha256:418e7a5ec02a7056d3a4f0c0e7ea81df374205f25f4720bb0e84189aa5fd2515",
                "sha256:471a097076a7c4ab85561d7fa9a1239bd2ae1f9fd0047520f13d8b340bf3210b",
                "sha256:5ecaf9e7db3ca582c6de6229525d35db8a4e59dc3e8a40a331674ed90e658cbf",
                "sha256:63b064a074f8dc61be81449796e2c3f4e308b6eba04a241a5c9f2d05e882c681",
                "sha256:6afe324dfe6074822ccd56d80420df750e19ac30a4e56c925746c735cf22ae8b",
                "sha256:70596e90398574b77929cd87e1ac6e43edd0e29ba01e1365fed9c26bde295aa5",
                "sha256:70c2b04e905d3f72e2ba12c58a590817128dfca08949173faa19a42c824efa0b",
                "sha256:8908f1db90be48b060888e9c96a0dee9d842765ce9594ff6a23da61086116bb6",
                "sha256:af12dfc9874ac27ebe57fc28c8df0e8afa11f2a1025566476b0d50cdb8884f70",
                "sha256:b4fc04326b2d259ddd59ed8ea20405d2e695486ab4c5e1e49b025c484845206e",
                "sha256:da5b5dda4aa0d5e2b758cc8dfc67f8d4212e88ea9caad5f61ba132f948bab859"
            ],
            "index": "pypi",
            "version": "==2.4.2"
        },
        "entrypoints": {
            "hashes": [
                "sha256:589f874b313739ad35be6e0cd7efde2a4e9b6fea91edcc34e58ecbb8dbe56d19",
                "sha256:c70dd71abe5a8c85e55e12c19bd91ccfeec11a6e99044204511f9ed547d48451"
            ],
            "version": "==0.3"
        },
        "flake8": {
            "hashes": [
                "sha256:45681a117ecc81e870cbf1262835ae4af5e7a8b08e40b944a8a6e6b895914cfb",
                "sha256:49356e766643ad15072a789a20915d3c91dc89fd313ccd71802303fd67e4deca"
            ],
            "index": "pypi",
            "version": "==3.7.9"
        },
        "flask": {
            "hashes": [
                "sha256:2271c0070dbcb5275fad4a82e29f23ab92682dc45f9dfbc22c02ba9b9322ce48",
                "sha256:a080b744b7e345ccfcbc77954861cb05b3c63786e93f2b3875e0913d44b43f05"
            ],
            "index": "pypi",
            "version": "==1.0.2"
        },
        "flask-bcrypt": {
            "hashes": [
                "sha256:d71c8585b2ee1c62024392ebdbc447438564e2c8c02b4e57b56a4cafd8d13c5f"
            ],
            "index": "pypi",
            "version": "==0.7.1"
        },
        "flask-login": {
            "hashes": [
                "sha256:c815c1ac7b3e35e2081685e389a665f2c74d7e077cb93cecabaea352da4752ec"
            ],
            "index": "pypi",
            "version": "==0.4.1"
        },
        "flask-sqlalchemy": {
            "hashes": [
                "sha256:0c9609b0d72871c540a7945ea559c8fdf5455192d2db67219509aed680a3d45a",
                "sha256:8631bbea987bc3eb0f72b1f691d47bd37ceb795e73b59ab48586d76d75a7c605"
            ],
            "index": "pypi",
            "version": "==2.4.0"
        },
        "future": {
            "hashes": [
                "sha256:67045236dcfd6816dc439556d009594abf643e5eb48992e36beac09c2ca659b8"
            ],
            "index": "pypi",
            "version": "==0.17.1"
        },
        "idna": {
            "hashes": [
                "sha256:156a6814fb5ac1fc6850fb002e0852d56c0c8d2531923a51032d1b70760e186e",
                "sha256:684a38a6f903c1d71d6d5fac066b58d7768af4de2b832e426ec79c30daa94a16"
            ],
            "index": "pypi",
            "version": "==2.7"
        },
        "itsdangerous": {
            "hashes": [
                "sha256:321b033d07f2a4136d3ec762eac9f16a10ccd60f53c0c91af90217ace7ba1f19",
                "sha256:b12271b2047cb23eeb98c8b5622e2e5c5e9abd9784a153e9d8ef9cb4dd09d749"
            ],
            "index": "pypi",
            "version": "==1.1.0"
        },
        "jinja2": {
            "hashes": [
                "sha256:065c4f02ebe7f7cf559e49ee5a95fb800a9e4528727aec6f24402a5374c65013",
                "sha256:14dd6caf1527abb21f08f86c784eac40853ba93edb79552aa1e4b8aef1b61c7b"
            ],
            "index": "pypi",
            "version": "==2.10.1"
        },
        "macholib": {
            "hashes": [
                "sha256:ac02d29898cf66f27510d8f39e9112ae00590adb4a48ec57b25028d6962b1ae1",
                "sha256:c4180ffc6f909bf8db6cd81cff4b6f601d575568f4d5dee148c830e9851eb9db"
            ],
            "index": "pypi",
            "version": "==1.11"
        },
        "markupsafe": {
            "hashes": [
                "sha256:048ef924c1623740e70204aa7143ec592504045ae4429b59c30054cb31e3c432",
                "sha256:130f844e7f5bdd8e9f3f42e7102ef1d49b2e6fdf0d7526df3f87281a532d8c8b",
                "sha256:19f637c2ac5ae9da8bfd98cef74d64b7e1bb8a63038a3505cd182c3fac5eb4d9",
                "sha256:1b8a7a87ad1b92bd887568ce54b23565f3fd7018c4180136e1cf412b405a47af",
                "sha256:1c25694ca680b6919de53a4bb3bdd0602beafc63ff001fea2f2fc16ec3a11834",
                "sha256:1f19ef5d3908110e1e891deefb5586aae1b49a7440db952454b4e281b41620cd",
                "sha256:1fa6058938190ebe8290e5cae6c351e14e7bb44505c4a7624555ce57fbbeba0d",
                "sha256:31cbb1359e8c25f9f48e156e59e2eaad51cd5242c05ed18a8de6dbe85184e4b7",
                "sha256:3e835d8841ae7863f64e40e19477f7eb398674da6a47f09871673742531e6f4b",
                "sha256:4e97332c9ce444b0c2c38dd22ddc61c743eb208d916e4265a2a3b575bdccb1d3",
                "sha256:525396ee324ee2da82919f2ee9c9e73b012f23e7640131dd1b53a90206a0f09c",
                "sha256:52b07fbc32032c21ad4ab060fec137b76eb804c4b9a1c7c7dc562549306afad2",
                "sha256:52ccb45e77a1085ec5461cde794e1aa037df79f473cbc69b974e73940655c8d7",
                "sha256:5c3fbebd7de20ce93103cb3183b47671f2885307df4a17a0ad56a1dd51273d36",
                "sha256:5e5851969aea17660e55f6a3be00037a25b96a9b44d2083651812c99d53b14d1",
                "sha256:5edfa27b2d3eefa2210fb2f5d539fbed81722b49f083b2c6566455eb7422fd7e",
                "sha256:7d263e5770efddf465a9e31b78362d84d015cc894ca2c131901a4445eaa61ee1",
                "sha256:83381342bfc22b3c8c06f2dd93a505413888694302de25add756254beee8449c",
                "sha256:857eebb2c1dc60e4219ec8e98dfa19553dae33608237e107db9c6078b1167856",
                "sha256:98e439297f78fca3a6169fd330fbe88d78b3bb72f967ad9961bcac0d7fdd1550",
                "sha256:bf54103892a83c64db58125b3f2a43df6d2cb2d28889f14c78519394feb41492",
                "sha256:d9ac82be533394d341b41d78aca7ed0e0f4ba5a2231602e2f05aa87f25c51672",
                "sha256:e982fe07ede9fada6ff6705af70514a52beb1b2c3d25d4e873e82114cf3c5401",
                "sha256:edce2ea7f3dfc981c4ddc97add8a61381d9642dc3273737e756517cc03e84dd6",
                "sha256:efdc45ef1afc238db84cb4963aa689c0408912a0239b0721cb172b4016eb31d6",
                "sha256:f137c02498f8b935892d5c0172560d7ab54bc45039de8805075e19079c639a9c",
                "sha256:f82e347a72f955b7017a39708a3667f106e6ad4d10b25f237396a7115d8ed5fd",
                "sha256:fb7c206e01ad85ce57feeaaa0bf784b97fa3cad0d4a5737bc5295785f5c613a1"
            ],
            "index": "pypi",
            "version": "==1.1.0"
        },
        "mccabe": {
            "hashes": [
                "sha256:ab8a6258860da4b6677da4bd2fe5dc2c659cff31b3ee4f7f5d64e79735b80d42",
                "sha256:dd8d182285a0fe56bace7f45b5e7d1a6ebcbf524e8f3bd87eb0f125271b8831f"
            ],
            "version": "==0.6.1"
        },
        "pefile": {
            "hashes": [
                "sha256:4c5b7e2de0c8cb6c504592167acf83115cbbde01fe4a507c16a1422850e86cd6"
            ],
            "index": "pypi",
            "version": "==2018.8.8"
        },
        "pycodestyle": {
            "hashes": [
                "sha256:95a2219d12372f05704562a14ec30bc76b05a5b297b21a5dfe3f6fac3491ae56",
                "sha256:e40a936c9a450ad81df37f549d676d127b1b66000a6c500caa2b085bc0ca976c"
            ],
            "version": "==2.5.0"
        },
        "pycparser": {
            "hashes": [
                "sha256:a988718abfad80b6b157acce7bf130a30876d27603738ac39f140993246b25b3"
            ],
            "index": "pypi",
            "version": "==2.19"
        },
        "pycryptodome": {
            "hashes": [
                "sha256:08dcfd52a6784c9ca6b8d098301326ec86a33b94e44759dac031ba71407a1a2e",
                "sha256:08de8132a11fe3df5a60ffc9292eabd713b77250650190bb5beeb01ef2593e51",
                "sha256:148349c2dfbe80c3dfe598c60147f7875ae9a1dc91beb79c15eade734262a1ab",
                "sha256:185c091af54f90d038efc7eeca586161e603bdcbcbaaef2bc7454147f66669d2",
                "sha256:1d0d94c09d032538a7b33eeb52eca21eb66db6f00689000066baf307cb7091c2",
                "sha256:249d4301eb1e41dce29550a6c8693d4a7d23a06cb2d8afb51f1f42680dd00de1",
                "sha256:2c7fe7b081f257d51138369ce3f8675cbae6d2b94f19b5abbf127b2b61db6b99",
                "sha256:3210d8ee57f92055b7c6c393e8770b331dd125b371007dcbcddca5dfc7d8c8ce",
                "sha256:331e93fdddf8e2779e85cc2e0cbb2bb173a9ebcfbd0eb77390f875e5db0f9940",
                "sha256:3b295dc48de69a8055c73d5d49b1355c9479ffeeff72d0c746fb25e205189fe1",
                "sha256:4617d3925bdd77e6930d2d3d343324062a3ebd87652808158f8d6f4be4e2161c",
                "sha256:500d932db4c418932510237911fb36f85d2452bd444bd0bee96c4a05223a0c81",
                "sha256:56857d04dadf51dfcc8223bea4127d739704c11a5aef365d373f8999a34d3c33",
                "sha256:5d8d9dd7ba37bb84773160ebb65ad7794517723a4a549367227bb1325ebb8925",
                "sha256:5e6ab7478243f56fb51a89b8946fbd6853e924cd2aba3c22513bc508d3807a27",
                "sha256:6650d66a513736d61bca9ca2b1c09deb72bf2dcdf47151507ec0c05595a5b0aa",
                "sha256:7a0ad14c046c7fe4f60d597f15fd58af41d25f143ff5c8742df3bd80b9008c7d",
                "sha256:7c360b9f8b01e704ca70404001cf298505df9b2158a0c29021361ddf7f73117f",
                "sha256:8365fbf5254f086e2ad9f589f026506b04e7cf7819a851c91a864bb2d7b35369",
                "sha256:9048ef02431b19d823bd758dcd30bef6b29f0a92e49efc3dbec30c8b96e77570",
                "sha256:a378c1aaddc8874a71205c4eee3aaddda99afbc62f213e065ac06df0686d42dc",
                "sha256:bf60769ef3fd33023cb10ab277903f84f07819465f463cbdae66f732054f90dc",
                "sha256:cbfa5f741ba3dc8e07d5beb7c8cacce629f47a15bb31d4625cec3b8b171c489d",
                "sha256:de3e9bb4d356a8bc72f848b7691ec760c8abfbbf368fcd7642240c3e6126e740",
                "sha256:e39b956d8dfa3377b8cafc90649fa715d5a17c12f7e7f117920664eddc410803",
                "sha256:f0377ce5ce4df524394e0745c807932895bb8f25d791ab24b47687d2e049d691",
                "sha256:f09ea14afb0b811cdfdaf2de01ad1a7f8c46faee81291d34044eff409b713cee",
                "sha256:f5fc7e3b2d29552f0383063408ce2bd295e9d3c7ef13377599aa300a3d2baef7"
            ],
            "index": "pypi",
            "version": "==3.7.2"
        },
        "pyflakes": {
            "hashes": [
                "sha256:17dbeb2e3f4d772725c777fabc446d5634d1038f234e77343108ce445ea69ce0",
                "sha256:d976835886f8c5b31d47970ed689944a0262b5f3afa00a5a7b4dc81e5449f8a2"
            ],
            "version": "==2.1.1"
        },
        "pyqt5": {
            "hashes": [
                "sha256:517e4339135c4874b799af0d484bc2e8c27b54850113a68eec40a0b56534f450",
                "sha256:ac1eb5a114b6e7788e8be378be41c5e54b17d5158994504e85e43b5fca006a39",
                "sha256:d2309296a5a79d0a1c0e6c387c30f0398b65523a6dcc8a19cc172e46b949e00d",
                "sha256:e85936bae1581bcb908847d2038e5b34237a5e6acc03130099a78930770e7ead"
            ],
            "index": "pypi",
            "version": "==5.11.3"
        },
        "pyqt5-sip": {
            "hashes": [
                "sha256:125f77c087572c9272219cda030a63c2f996b8507592b2a54d7ef9b75f9f054d",
                "sha256:14c37b06e3fb7c2234cb208fa461ec4e62b4ba6d8b32ca3753c0b2cfd61b00e3",
                "sha256:1cb2cf52979f9085fc0eab7e0b2438eb4430d4aea8edec89762527e17317175b",
                "sha256:4babef08bccbf223ec34464e1ed0a23caeaeea390ca9a3529227d9a57f0d6ee4",
                "sha256:53cb9c1208511cda0b9ed11cffee992a5a2f5d96eb88722569b2ce65ecf6b960",
                "sha256:549449d9461d6c665cbe8af4a3808805c5e6e037cd2ce4fd93308d44a049bfac",
                "sha256:5f5b3089b200ff33de3f636b398e7199b57a6b5c1bb724bdb884580a072a14b5",
                "sha256:a4d9bf6e1fa2dd6e73f1873f1a47cee11a6ba0cf9ba8cf7002b28c76823600d0",
                "sha256:a4ee6026216f1fbe25c8847f9e0fbce907df5b908f84816e21af16ec7666e6fe",
                "sha256:a91a308a5e0cc99de1e97afd8f09f46dd7ca20cfaa5890ef254113eebaa1adff",
                "sha256:b0342540da479d2713edc68fb21f307473f68da896ad5c04215dae97630e0069",
                "sha256:f997e21b4e26a3397cb7b255b8d1db5b9772c8e0c94b6d870a5a0ab5c27eacaa"
            ],
            "index": "pypi",
            "version": "==4.19.13"
        },
        "pysocks": {
            "hashes": [
                "sha256:3fe52c55890a248676fd69dc9e3c4e811718b777834bcaab7a8125cf9deac672"
            ],
            "index": "pypi",
            "version": "==1.6.8"
        },
        "requests": {
            "hashes": [
                "sha256:65b3a120e4329e33c9889db89c80976c5272f56ea92d3e74da8a463992e3ff54",
                "sha256:ea881206e59f41dbd0bd445437d792e43906703fff75ca8ff43ccdb11f33f263"
            ],
            "index": "pypi",
            "version": "==2.20.1"
        },
        "six": {
            "hashes": [
                "sha256:70e8a77beed4562e7f14fe23a786b54f6296e34344c23bc42f07b15018ff98e9",
                "sha256:832dc0e10feb1aa2c68dcc57dbb658f1c7e65b9b61af69048abc87a2db00a0eb"
            ],
            "index": "pypi",
            "version": "==1.11.0"
        },
        "sqlalchemy": {
            "hashes": [
                "sha256:bfb8f464a5000b567ac1d350b9090cf081180ec1ab4aa87e7bca12dab25320ec"
            ],
            "version": "==1.3.12"
        },
        "stem": {
            "hashes": [
                "sha256:1b61363c32f50804a377d472761e26abed56dd9017aba43614dd4a151d7d91ab"
            ],
            "index": "pypi",
            "version": "==1.7.0"
        },
        "urllib3": {
            "hashes": [
                "sha256:4c291ca23bbb55c76518905869ef34bdd5f0e46af7afe6861e8375643ffee1a0",
                "sha256:9a247273df709c4fedb38c711e44292304f73f39ab01beda9f6b9fc375669ac3"
            ],
            "index": "pypi",
            "version": "==1.24.2"
        },
        "werkzeug": {
            "hashes": [
                "sha256:97660b282aa7e29f94f3fe378e5c7162d7ab9d601a8dbb1cbb2ffc8f0e54607d",
                "sha256:cfd1281b1748288e59762c0e174d64d8bcb2b70e7c57bc4a1203c8825af24ac3"
            ],
            "index": "pypi",
            "version": "==0.15.3"
        }
    },
    "develop": {
        "atomicwrites": {
            "hashes": [
                "sha256:03472c30eb2c5d1ba9227e4c2ca66ab8287fbfbbda3888aa93dc2e28fc6811b4",
                "sha256:75a9445bac02d8d058d5e1fe689654ba5a6556a1dfd8ce6ec55a0ed79866cfa6"
            ],
            "index": "pypi",
            "version": "==1.3.0"
        },
        "attrs": {
            "hashes": [
                "sha256:08a96c641c3a74e44eb59afb61a24f2cb9f4d7188748e76ba4bb5edfa3cb7d1c",
                "sha256:f7b7ce16570fe9965acd6d30101a28f62fb4a7f9e926b3bbc9b61f8b04247e72"
            ],
            "index": "pypi",
            "version": "==19.3.0"
        },
        "bandit": {
            "hashes": [
                "sha256:336620e220cf2d3115877685e264477ff9d9abaeb0afe3dc7264f55fa17a3952",
                "sha256:41e75315853507aa145d62a78a2a6c5e3240fe14ee7c601459d0df9418196065"
            ],
            "index": "pypi",
            "version": "==1.6.2"
        },
        "entrypoints": {
            "hashes": [
                "sha256:589f874b313739ad35be6e0cd7efde2a4e9b6fea91edcc34e58ecbb8dbe56d19",
                "sha256:c70dd71abe5a8c85e55e12c19bd91ccfeec11a6e99044204511f9ed547d48451"
            ],
            "version": "==0.3"
        },
        "flake8": {
            "hashes": [
                "sha256:45681a117ecc81e870cbf1262835ae4af5e7a8b08e40b944a8a6e6b895914cfb",
                "sha256:49356e766643ad15072a789a20915d3c91dc89fd313ccd71802303fd67e4deca"
            ],
            "index": "pypi",
            "version": "==3.7.9"
        },
        "gitdb2": {
            "hashes": [
                "sha256:1b6df1433567a51a4a9c1a5a0de977aa351a405cc56d7d35f3388bad1f630350",
                "sha256:96bbb507d765a7f51eb802554a9cfe194a174582f772e0d89f4e87288c288b7b"
            ],
            "version": "==2.0.6"
        },
        "gitpython": {
            "hashes": [
                "sha256:9c2398ffc3dcb3c40b27324b316f08a4f93ad646d5a6328cafbb871aa79f5e42",
                "sha256:c155c6a2653593ccb300462f6ef533583a913e17857cfef8fc617c246b6dc245"
            ],
            "version": "==3.0.5"
        },
        "importlib-metadata": {
            "hashes": [
                "sha256:073a852570f92da5f744a3472af1b61e28e9f78ccf0c9117658dc32b15de7b45",
                "sha256:d95141fbfa7ef2ec65cfd945e2af7e5a6ddbd7c8d9a25e66ff3be8e3daf9f60f"
            ],
            "markers": "python_version < '3.8'",
            "version": "==1.3.0"
        },
        "mccabe": {
            "hashes": [
                "sha256:ab8a6258860da4b6677da4bd2fe5dc2c659cff31b3ee4f7f5d64e79735b80d42",
                "sha256:dd8d182285a0fe56bace7f45b5e7d1a6ebcbf524e8f3bd87eb0f125271b8831f"
            ],
            "version": "==0.6.1"
        },
        "more-itertools": {
            "hashes": [
                "sha256:b84b238cce0d9adad5ed87e745778d20a3f8487d0f0cb8b8a586816c7496458d",
                "sha256:c833ef592a0324bcc6a60e48440da07645063c453880c9477ceb22490aec1564"
            ],
            "index": "pypi",
            "version": "==8.0.2"
        },
        "packaging": {
            "hashes": [
                "sha256:28b924174df7a2fa32c1953825ff29c61e2f5e082343165438812f00d3a7fc47",
                "sha256:d9551545c6d761f3def1677baf08ab2a3ca17c56879e70fecba2fc4dde4ed108"
            ],
            "version": "==19.2"
        },
        "pbr": {
            "hashes": [
                "sha256:139d2625547dbfa5fb0b81daebb39601c478c21956dc57e2e07b74450a8c506b",
                "sha256:61aa52a0f18b71c5cc58232d2cf8f8d09cd67fcad60b742a60124cb8d6951488"
            ],
            "version": "==5.4.4"
        },
        "pluggy": {
            "hashes": [
                "sha256:15b2acde666561e1298d71b523007ed7364de07029219b604cf808bfa1c765b0",
                "sha256:966c145cd83c96502c3c3868f50408687b38434af77734af1e9ca461a4081d2d"
            ],
            "index": "pypi",
            "version": "==0.13.1"
        },
        "py": {
            "hashes": [
                "sha256:bf92637198836372b520efcba9e020c330123be8ce527e535d185ed4b6f45694",
                "sha256:e76826342cefe3c3d5f7e8ee4316b80d1dd8a300781612ddbc765c17ba25a6c6"
            ],
            "index": "pypi",
            "version": "==1.7.0"
        },
        "pycodestyle": {
            "hashes": [
                "sha256:95a2219d12372f05704562a14ec30bc76b05a5b297b21a5dfe3f6fac3491ae56",
                "sha256:e40a936c9a450ad81df37f549d676d127b1b66000a6c500caa2b085bc0ca976c"
            ],
            "version": "==2.5.0"
        },
        "pyflakes": {
            "hashes": [
                "sha256:17dbeb2e3f4d772725c777fabc446d5634d1038f234e77343108ce445ea69ce0",
                "sha256:d976835886f8c5b31d47970ed689944a0262b5f3afa00a5a7b4dc81e5449f8a2"
            ],
            "version": "==2.1.1"
        },
        "pyparsing": {
            "hashes": [
                "sha256:20f995ecd72f2a1f4bf6b072b63b22e2eb457836601e76d6e5dfcd75436acc1f",
                "sha256:4ca62001be367f01bd3e92ecbb79070272a9d4964dce6a48a82ff0b8bc7e683a"
            ],
            "version": "==2.4.5"
        },
        "pytest": {
            "hashes": [
                "sha256:6b571215b5a790f9b41f19f3531c53a45cf6bb8ef2988bc1ff9afb38270b25fa",
                "sha256:e41d489ff43948babd0fad7ad5e49b8735d5d55e26628a58673c39ff61d95de4"
            ],
            "index": "pypi",
            "version": "==5.3.2"
        },
        "pytest-faulthandler": {
            "hashes": [
                "sha256:461351d67a8f09cd2aa8b343b50ce58c301c8c206fcbf7483ee17c109d6a5ddb",
                "sha256:bf8634c3fd6309ef786ec03b913a5366163fdb094ebcfdebc35626400d790e0d"
            ],
            "index": "pypi",
            "version": "==1.5.0"
        },
        "pytest-qt": {
            "hashes": [
                "sha256:7e2a638750e2759363832942ce16cd5365150d43a565365798184bbd1b7b0935",
                "sha256:c94dc1ca0f3e12651a9a3eddea9e55130b6e246a9714acb4baeeeb5be8a5cffb"
            ],
            "index": "pypi",
            "version": "==3.2.1"
        },
        "pyyaml": {
            "hashes": [
                "sha256:0e7f69397d53155e55d10ff68fdfb2cf630a35e6daf65cf0bdeaf04f127c09dc",
                "sha256:2e9f0b7c5914367b0916c3c104a024bb68f269a486b9d04a2e8ac6f6597b7803",
                "sha256:35ace9b4147848cafac3db142795ee42deebe9d0dad885ce643928e88daebdcc",
                "sha256:38a4f0d114101c58c0f3a88aeaa44d63efd588845c5a2df5290b73db8f246d15",
                "sha256:483eb6a33b671408c8529106df3707270bfacb2447bf8ad856a4b4f57f6e3075",
                "sha256:4b6be5edb9f6bb73680f5bf4ee08ff25416d1400fbd4535fe0069b2994da07cd",
                "sha256:7f38e35c00e160db592091751d385cd7b3046d6d51f578b29943225178257b31",
                "sha256:8100c896ecb361794d8bfdb9c11fce618c7cf83d624d73d5ab38aef3bc82d43f",
                "sha256:c0ee8eca2c582d29c3c2ec6e2c4f703d1b7f1fb10bc72317355a746057e7346c",
                "sha256:e4c015484ff0ff197564917b4b4246ca03f411b9bd7f16e02a2f586eb48b6d04",
                "sha256:ebc4ed52dcc93eeebeae5cf5deb2ae4347b3a81c3fa12b0b8c976544829396a4"
            ],
            "version": "==5.2"
        },
        "six": {
            "hashes": [
                "sha256:70e8a77beed4562e7f14fe23a786b54f6296e34344c23bc42f07b15018ff98e9",
                "sha256:832dc0e10feb1aa2c68dcc57dbb658f1c7e65b9b61af69048abc87a2db00a0eb"
            ],
            "index": "pypi",
            "version": "==1.11.0"
        },
        "smmap2": {
            "hashes": [
                "sha256:0555a7bf4df71d1ef4218e4807bbf9b201f910174e6e08af2e138d4e517b4dde",
                "sha256:29a9ffa0497e7f2be94ca0ed1ca1aa3cd4cf25a1f6b4f5f87f74b46ed91d609a"
            ],
            "version": "==2.0.5"
        },
        "stevedore": {
            "hashes": [
                "sha256:01d9f4beecf0fbd070ddb18e5efb10567801ba7ef3ddab0074f54e3cd4e91730",
                "sha256:e0739f9739a681c7a1fda76a102b65295e96a144ccdb552f2ae03c5f0abe8a14"
            ],
            "version": "==1.31.0"
        },
        "urllib3": {
            "hashes": [
                "sha256:4c291ca23bbb55c76518905869ef34bdd5f0e46af7afe6861e8375643ffee1a0",
                "sha256:9a247273df709c4fedb38c711e44292304f73f39ab01beda9f6b9fc375669ac3"
            ],
            "index": "pypi",
            "version": "==1.24.2"
        },
        "wcwidth": {
            "hashes": [
                "sha256:3df37372226d6e63e1b1e1eda15c594bca98a22d33a23832a90998faa96bc65e",
                "sha256:f4ebe71925af7b40a864553f761ed559b43544f8f71746c2d756c7fe788ade7c"
            ],
            "version": "==0.1.7"
        },
        "zipp": {
            "hashes": [
                "sha256:3718b1cbcd963c7d4c5511a8240812904164b7f381b647143a89d3b98f9bcd8e",
                "sha256:f06903e9f1f43b12d371004b4ac7b06ab39a44adc747266928ae6debfa7b3335"
            ],
            "version": "==0.6.0"
        }
    }
}
